
Microsoft Visual Studio Solution File, Format Version 12.00
# Visual Studio 15
VisualStudioVersion = 15.0.28307.438
MinimumVisualStudioVersion = 10.0.40219.1
Project("{FAE04EC0-301F-11D3-BF4B-00C04F79EFBC}") = "LinkedinLearningCSharp", "LinkedinLearningCSharp\LinkedinLearningCSharp.csproj", "{B627C3F6-082E-4676-B7F8-86E87DD4C594}"
EndProject
Global
	GlobalSection(SolutionConfigurationPlatforms) = preSolution
		Debug|Any CPU = Debug|Any CPU
		Release|Any CPU = Release|Any CPU
	EndGlobalSection
	GlobalSection(ProjectConfigurationPlatforms) = postSolution
		{B627C3F6-082E-4676-B7F8-86E87DD4C594}.Debug|Any CPU.ActiveCfg = Debug|Any CPU
		{B627C3F6-082E-4676-B7F8-86E87DD4C594}.Debug|Any CPU.Build.0 = Debug|Any CPU
		{B627C3F6-082E-4676-B7F8-86E87DD4C594}.Release|Any CPU.ActiveCfg = Release|Any CPU
		{B627C3F6-082E-4676-B7F8-86E87DD4C594}.Release|Any CPU.Build.0 = Release|Any CPU
	EndGlobalSection
	GlobalSection(SolutionProperties) = preSolution
		HideSolutionNode = FALSE
	EndGlobalSection
	GlobalSection(ExtensibilityGlobals) = postSolution
		SolutionGuid = {F467893A-1306-48A2-B639-2E59C8F3AD09}
	EndGlobalSection
EndGlobal
